
Microsoft Visual Studio Solution File, Format Version 12.00
# Visual Studio Version 16
VisualStudioVersion = 16.0.30907.101
MinimumVisualStudioVersion = 10.0.40219.1
Project("{9A19103F-16F7-4668-BE54-9A1E7A4F7556}") = "CursoCSharp", "CursoCSharp.csproj", "{ED5CACBD-80AE-461A-A572-3675C262DB7C}"
EndProject
Project("{FAE04EC0-301F-11D3-BF4B-00C04F79EFBC}") = "Encapsulamento", "..\Encapsulamento\Encapsulamento.csproj", "{682BBC60-BF26-4C1F-BADF-A59A54006B63}"
EndProject
Global
	GlobalSection(SolutionConfigurationPlatforms) = preSolution
		Debug|Any CPU = Debug|Any CPU
		Release|Any CPU = Release|Any CPU
	EndGlobalSection
	GlobalSection(ProjectConfigurationPlatforms) = postSolution
		{ED5CACBD-80AE-461A-A572-3675C262DB7C}.Debug|Any CPU.ActiveCfg = Debug|Any CPU
		{ED5CACBD-80AE-461A-A572-3675C262DB7C}.Debug|Any CPU.Build.0 = Debug|Any CPU
		{ED5CACBD-80AE-461A-A572-3675C262DB7C}.Release|Any CPU.ActiveCfg = Release|Any CPU
		{ED5CACBD-80AE-461A-A572-3675C262DB7C}.Release|Any CPU.Build.0 = Release|Any CPU
		{682BBC60-BF26-4C1F-BADF-A59A54006B63}.Debug|Any CPU.ActiveCfg = Debug|Any CPU
		{682BBC60-BF26-4C1F-BADF-A59A54006B63}.Debug|Any CPU.Build.0 = Debug|Any CPU
		{682BBC60-BF26-4C1F-BADF-A59A54006B63}.Release|Any CPU.ActiveCfg = Release|Any CPU
		{682BBC60-BF26-4C1F-BADF-A59A54006B63}.Release|Any CPU.Build.0 = Release|Any CPU
	EndGlobalSection
	GlobalSection(SolutionProperties) = preSolution
		HideSolutionNode = FALSE
	EndGlobalSection
	GlobalSection(ExtensibilityGlobals) = postSolution
		SolutionGuid = {6A956506-DDDB-442B-95A5-31C29F940396}
	EndGlobalSection
EndGlobal
